
Microsoft Visual Studio Solution File, Format Version 12.00
Project("{FAE04EC0-301F-11D3-BF4B-00C04F79EFBC}") = "ConsoleForwarder", "ConsoleForwarder\ConsoleForwarder.csproj", "{35D2B7E0-0F7B-46BC-9C8A-2FCAFA6E8EA8}"
EndProject
Project("{FAE04EC0-301F-11D3-BF4B-00C04F79EFBC}") = "Forwarder", "Forwarder\Forwarder.csproj", "{E611B085-B348-4032-9255-060D592B4997}"
EndProject
Global
	GlobalSection(SolutionConfigurationPlatforms) = preSolution
		Debug|Any CPU = Debug|Any CPU
		Release|Any CPU = Release|Any CPU
	EndGlobalSection
	GlobalSection(ProjectConfigurationPlatforms) = postSolution
		{35D2B7E0-0F7B-46BC-9C8A-2FCAFA6E8EA8}.Debug|Any CPU.ActiveCfg = Debug|Any CPU
		{35D2B7E0-0F7B-46BC-9C8A-2FCAFA6E8EA8}.Debug|Any CPU.Build.0 = Debug|Any CPU
		{35D2B7E0-0F7B-46BC-9C8A-2FCAFA6E8EA8}.Release|Any CPU.ActiveCfg = Release|Any CPU
		{35D2B7E0-0F7B-46BC-9C8A-2FCAFA6E8EA8}.Release|Any CPU.Build.0 = Release|Any CPU
		{E611B085-B348-4032-9255-060D592B4997}.Debug|Any CPU.ActiveCfg = Debug|Any CPU
		{E611B085-B348-4032-9255-060D592B4997}.Debug|Any CPU.Build.0 = Debug|Any CPU
		{E611B085-B348-4032-9255-060D592B4997}.Release|Any CPU.ActiveCfg = Release|Any CPU
		{E611B085-B348-4032-9255-060D592B4997}.Release|Any CPU.Build.0 = Release|Any CPU
	EndGlobalSection
EndGlobal
